github.com/goccy/go-json v0.8.1 h1:4/Wjm0JIJaTDm8K1KcGrLHJoa8EsJ13YWeX+6Kfq6uI=
github.com/goccy/go-json v0.8.1/go.mod h1:6MelG93GURQebXPDq3khkgXZkazVtN9CRI+MGFi0w8I=
github.com/julienschmidt/httprouter v1.3.0 h1:U0609e9tgbseu3rBINet9P48AI/D3oJs4dN7jwJOQ1U=
github.com/julienschmidt/httprouter v1.3.0/go.mod h1:JR6WtHb+2LUe8TCKY3cZOxFyyO8IZAc4RVcycCCAKdM=
